// !$*UTF8*$!
{
	archiveVersion = 1;
	classes = {
	};
	objectVersion = 50;
	objects = {

/* Begin PBXBuildFile section */
		67B9CA31208BAF1C0036345B /* AppDelegate.swift in Sources */ = {isa = PBXBuildFile; fileRef = 67B9CA30208BAF1C0036345B /* AppDelegate.swift */; };
		67B9CA33208BAF1C0036345B /* GameScene.sks in Resources */ = {isa = PBXBuildFile; fileRef = 67B9CA32208BAF1C0036345B /* GameScene.sks */; };
		67B9CA35208BAF1C0036345B /* Actions.sks in Resources */ = {isa = PBXBuildFile; fileRef = 67B9CA34208BAF1C0036345B /* Actions.sks */; };
		67B9CA37208BAF1C0036345B /* GameScene.swift in Sources */ = {isa = PBXBuildFile; fileRef = 67B9CA36208BAF1C0036345B /* GameScene.swift */; };
		67B9CA39208BAF1C0036345B /* GameViewController.swift in Sources */ = {isa = PBXBuildFile; fileRef = 67B9CA38208BAF1C0036345B /* GameViewController.swift */; };
		67B9CA3C208BAF1C0036345B /* Main.storyboard in Resources */ = {isa = PBXBuildFile; fileRef = 67B9CA3A208BAF1C0036345B /* Main.storyboard */; };
		67B9CA3E208BAF210036345B /* Assets.xcassets in Resources */ = {isa = PBXBuildFile; fileRef = 67B9CA3D208BAF210036345B /* Assets.xcassets */; };
		67B9CA41208BAF210036345B /* LaunchScreen.storyboard in Resources */ = {isa = PBXBuildFile; fileRef = 67B9CA3F208BAF210036345B /* LaunchScreen.storyboard */; };
/* End PBXBuildFile section */

/* Begin PBXFileReference section */
		67B9CA2D208BAF1C0036345B /* Breaker.app */ = {isa = PBXFileReference; explicitFileType = wrapper.application; includeInIndex = 0; path = Breaker.app; sourceTree = BUILT_PRODUCTS_DIR; };
		67B9CA30208BAF1C0036345B /* AppDelegate.swift */ = {isa = PBXFileReference; lastKnownFileType = sourcecode.swift; path = AppDelegate.swift; sourceTree = "<group>"; };
		67B9CA32208BAF1C0036345B /* GameScene.sks */ = {isa = PBXFileReference; lastKnownFileType = file.sks; path = GameScene.sks; sourceTree = "<group>"; };
		67B9CA34208BAF1C0036345B /* Actions.sks */ = {isa = PBXFileReference; lastKnownFileType = file.sks; path = Actions.sks; sourceTree = "<group>"; };
		67B9CA36208BAF1C0036345B /* GameScene.swift */ = {isa = PBXFileReference; lastKnownFileType = sourcecode.swift; path = GameScene.swift; sourceTree = "<group>"; };
		67B9CA38208BAF1C0036345B /* GameViewController.swift */ = {isa = PBXFileReference; lastKnownFileType = sourcecode.swift; path = GameViewController.swift; sourceTree = "<group>"; };
		67B9CA3B208BAF1C0036345B /* Base */ = {isa = PBXFileReference; lastKnownFileType = file.storyboard; name = Base; path = Base.lproj/Main.storyboard; sourceTree = "<group>"; };
		67B9CA3D208BAF210036345B /* Assets.xcassets */ = {isa = PBXFileReference; lastKnownFileType = folder.assetcatalog; path = Assets.xcassets; sourceTree = "<group>"; };
		67B9CA40208BAF210036345B /* Base */ = {isa = PBXFileReference; lastKnownFileType = file.storyboard; name = Base; path = Base.lproj/LaunchScreen.storyboard; sourceTree = "<group>"; };
		67B9CA42208BAF210036345B /* Info.plist */ = {isa = PBXFileReference; lastKnownFileType = text.plist.xml; path = Info.plist; sourceTree = "<group>"; };
/* End PBXFileReference section */

/* Begin PBXFrameworksBuildPhase section */
		67B9CA2A208BAF1C0036345B /* Frameworks */ = {
			isa = PBXFrameworksBuildPhase;
			buildActionMask = 2147483647;
			files = (
			);
			runOnlyForDeploymentPostprocessing = 0;
		};
/* End PBXFrameworksBuildPhase section */

/* Begin PBXGroup section */
		67B9CA24208BAF1C0036345B = {
			isa = PBXGroup;
			children = (
				67B9CA2F208BAF1C0036345B /* Breaker */,
				67B9CA2E208BAF1C0036345B /* Products */,
			);
			sourceTree = "<group>";
		};
		67B9CA2E208BAF1C0036345B /* Products */ = {
			isa = PBXGroup;
			children = (
				67B9CA2D208BAF1C0036345B /* Breaker.app */,
			);
			name = Products;
			sourceTree = "<group>";
		};
		67B9CA2F208BAF1C0036345B /* Breaker */ = {
			isa = PBXGroup;
			children = (
				67B9CA30208BAF1C0036345B /* AppDelegate.swift */,
				67B9CA32208BAF1C0036345B /* GameScene.sks */,
				67B9CA34208BAF1C0036345B /* Actions.sks */,
				67B9CA36208BAF1C0036345B /* GameScene.swift */,
				67B9CA38208BAF1C0036345B /* GameViewController.swift */,
				67B9CA3A208BAF1C0036345B /* Main.storyboard */,
				67B9CA3D208BAF210036345B /* Assets.xcassets */,
				67B9CA3F208BAF210036345B /* LaunchScreen.storyboard */,
				67B9CA42208BAF210036345B /* Info.plist */,
			);
			path = Breaker;
			sourceTree = "<group>";
		};
/* End PBXGroup section */

/* Begin PBXNativeTarget section */
		67B9CA2C208BAF1C0036345B /* Breaker */ = {
			isa = PBXNativeTarget;
			buildConfigurationList = 67B9CA45208BAF210036345B /* Build configuration list for PBXNativeTarget "Breaker" */;
			buildPhases = (
				67B9CA29208BAF1C0036345B /* Sources */,
				67B9CA2A208BAF1C0036345B /* Frameworks */,
				67B9CA2B208BAF1C0036345B /* Resources */,
			);
			buildRules = (
			);
			dependencies = (
			);
			name = Breaker;
			productName = Breaker;
			productReference = 67B9CA2D208BAF1C0036345B /* Breaker.app */;
			productType = "com.apple.product-type.application";
		};
/* End PBXNativeTarget section */

/* Begin PBXProject section */
		67B9CA25208BAF1C0036345B /* Project object */ = {
			isa = PBXProject;
			attributes = {
				LastSwiftUpdateCheck = 0930;
				LastUpgradeCheck = 0930;
				ORGANIZATIONNAME = "Victor Castaneda";
				TargetAttributes = {
					67B9CA2C208BAF1C0036345B = {
						CreatedOnToolsVersion = 9.3;
					};
				};
			};
			buildConfigurationList = 67B9CA28208BAF1C0036345B /* Build configuration list for PBXProject "Breaker" */;
			compatibilityVersion = "Xcode 9.3";
			developmentRegion = en;
			hasScannedForEncodings = 0;
			knownRegions = (
				en,
				Base,
			);
			mainGroup = 67B9CA24208BAF1C0036345B;
			productRefGroup = 67B9CA2E208BAF1C0036345B /* Products */;
			projectDirPath = "";
			projectRoot = "";
			targets = (
				67B9CA2C208BAF1C0036345B /* Breaker */,
			);
		};
/* End PBXProject section */

/* Begin PBXResourcesBuildPhase section */
		67B9CA2B208BAF1C0036345B /* Resources */ = {
			isa = PBXResourcesBuildPhase;
			buildActionMask = 2147483647;
			files = (
				67B9CA3C208BAF1C0036345B /* Main.storyboard in Resources */,
				67B9CA33208BAF1C0036345B /* GameScene.sks in Resources */,
				67B9CA3E208BAF210036345B /* Assets.xcassets in Resources */,
				67B9CA41208BAF210036345B /* LaunchScreen.storyboard in Resources */,
				67B9CA35208BAF1C0036345B /* Actions.sks in Resources */,
			);
			runOnlyForDeploymentPostprocessing = 0;
		};
/* End PBXResourcesBuildPhase section */

/* Begin PBXSourcesBuildPhase section */
		67B9CA29208BAF1C0036345B /* Sources */ = {
			isa = PBXSourcesBuildPhase;
			buildActionMask = 2147483647;
			files = (
				67B9CA37208BAF1C0036345B /* GameScene.swift in Sources */,
				67B9CA39208BAF1C0036345B /* GameViewController.swift in Sources */,
				67B9CA31208BAF1C0036345B /* AppDelegate.swift in Sources */,
			);
			runOnlyForDeploymentPostprocessing = 0;
		};
/* End PBXSourcesBuildPhase section */

/* Begin PBXVariantGroup section */
		67B9CA3A208BAF1C0036345B /* Main.storyboard */ = {
			isa = PBXVariantGroup;
			children = (
				67B9CA3B208BAF1C0036345B /* Base */,
			);
			name = Main.storyboard;
			sourceTree = "<group>";
		};
		67B9CA3F208BAF210036345B /* LaunchScreen.storyboard */ = {
			isa = PBXVariantGroup;
			children = (
				67B9CA40208BAF210036345B /* Base */,
			);
			name = LaunchScreen.storyboard;
			sourceTree = "<group>";
		};
/* End PBXVariantGroup section */

/* Begin XCBuildConfiguration section */
		67B9CA43208BAF210036345B /* Debug */ = {
			isa = XCBuildConfiguration;
			buildSettings = {
				ALWAYS_SEARCH_USER_PATHS = NO;
				CLANG_ANALYZER_NONNULL = YES;
				CLANG_ANALYZER_NUMBER_OBJECT_CONVERSION = YES_AGGRESSIVE;
				CLANG_CXX_LANGUAGE_STANDARD = "gnu++14";
				CLANG_CXX_LIBRARY = "libc++";
				CLANG_ENABLE_MODULES = YES;
				CLANG_ENABLE_OBJC_ARC = YES;
				CLANG_ENABLE_OBJC_WEAK = YES;
				CLANG_WARN_BLOCK_CAPTURE_AUTORELEASING = YES;
				CLANG_WARN_BOOL_CONVERSION = YES;
				CLANG_WARN_COMMA = YES;
				CLANG_WARN_CONSTANT_CONVERSION = YES;
				CLANG_WARN_DEPRECATED_OBJC_IMPLEMENTATIONS = YES;
				CLANG_WARN_DIRECT_OBJC_ISA_USAGE = YES_ERROR;
				CLANG_WARN_DOCUMENTATION_COMMENTS = YES;
				CLANG_WARN_EMPTY_BODY = YES;
				CLANG_WARN_ENUM_CONVERSION = YES;
				CLANG_WARN_INFINITE_RECURSION = YES;
				CLANG_WARN_INT_CONVERSION = YES;
				CLANG_WARN_NON_LITERAL_NULL_CONVERSION = YES;
				CLANG_WARN_OBJC_IMPLICIT_RETAIN_SELF = YES;
				CLANG_WARN_OBJC_LITERAL_CONVERSION = YES;
				CLANG_WARN_OBJC_ROOT_CLASS = YES_ERROR;
				CLANG_WARN_RANGE_LOOP_ANALYSIS = YES;
				CLANG_WARN_STRICT_PROTOTYPES = YES;
				CLANG_WARN_SUSPICIOUS_MOVE = YES;
				CLANG_WARN_UNGUARDED_AVAILABILITY = YES_AGGRESSIVE;
				CLANG_WARN_UNREACHABLE_CODE = YES;
				CLANG_WARN__DUPLICATE_METHOD_MATCH = YES;
				CODE_SIGN_IDENTITY = "iPhone Developer";
				COPY_PHASE_STRIP = NO;
				DEBUG_INFORMATION_FORMAT = dwarf;
				ENABLE_STRICT_OBJC_MSGSEND = YES;
				ENABLE_TESTABILITY = YES;
				GCC_C_LANGUAGE_STANDARD = gnu11;
				GCC_DYNAMIC_NO_PIC = NO;
				GCC_NO_COMMON_BLOCKS = YES;
				GCC_OPTIMIZATION_LEVEL = 0;
				GCC_PREPROCESSOR_DEFINITIONS = (
					"DEBUG=1",
					"$(inherited)",
				);
				GCC_WARN_64_TO_32_BIT_CONVERSION = YES;
				GCC_WARN_ABOUT_RETURN_TYPE = YES_ERROR;
				GCC_WARN_UNDECLARED_SELECTOR = YES;
				GCC_WARN_UNINITIALIZED_AUTOS = YES_AGGRESSIVE;
				GCC_WARN_UNUSED_FUNCTION = YES;
				GCC_WARN_UNUSED_VARIABLE = YES;
				IPHONEOS_DEPLOYMENT_TARGET = 11.3;
				MTL_ENABLE_DEBUG_INFO = YES;
				ONLY_ACTIVE_ARCH = YES;
				SDKROOT = iphoneos;
				SWIFT_ACTIVE_COMPILATION_CONDITIONS = DEBUG;
				SWIFT_OPTIMIZATION_LEVEL = "-Onone";
			};
			name = Debug;
		};
		67B9CA44208BAF210036345B /* Release */ = {
			isa = XCBuildConfiguration;
			buildSettings = {
				ALWAYS_SEARCH_USER_PATHS = NO;
				CLANG_ANALYZER_NONNULL = YES;
				CLANG_ANALYZER_NUMBER_OBJECT_CONVERSION = YES_AGGRESSIVE;
				CLANG_CXX_LANGUAGE_STANDARD = "gnu++14";
				CLANG_CXX_LIBRARY = "libc++";
				CLANG_ENABLE_MODULES = YES;
				CLANG_ENABLE_OBJC_ARC = YES;
				CLANG_ENABLE_OBJC_WEAK = YES;
				CLANG_WARN_BLOCK_CAPTURE_AUTORELEASING = YES;
				CLANG_WARN_BOOL_CONVERSION = YES;
				CLANG_WARN_COMMA = YES;
				CLANG_WARN_CONSTANT_CONVERSION = YES;
				CLANG_WARN_DEPRECATED_OBJC_IMPLEMENTATIONS = YES;
				CLANG_WARN_DIRECT_OBJC_ISA_USAGE = YES_ERROR;
				CLANG_WARN_DOCUMENTATION_COMMENTS = YES;
				CLANG_WARN_EMPTY_BODY = YES;
				CLANG_WARN_ENUM_CONVERSION = YES;
				CLANG_WARN_INFINITE_RECURSION = YES;
				CLANG_WARN_INT_CONVERSION = YES;
				CLANG_WARN_NON_LITERAL_NULL_CONVERSION = YES;
				CLANG_WARN_OBJC_IMPLICIT_RETAIN_SELF = YES;
				CLANG_WARN_OBJC_LITERAL_CONVERSION = YES;
				CLANG_WARN_OBJC_ROOT_CLASS = YES_ERROR;
				CLANG_WARN_RANGE_LOOP_ANALYSIS = YES;
				CLANG_WARN_STRICT_PROTOTYPES = YES;
				CLANG_WARN_SUSPICIOUS_MOVE = YES;
				CLANG_WARN_UNGUARDED_AVAILABILITY = YES_AGGRESSIVE;
				CLANG_WARN_UNREACHABLE_CODE = YES;
				CLANG_WARN__DUPLICATE_METHOD_MATCH = YES;
				CODE_SIGN_IDENTITY = "iPhone Developer";
				COPY_PHASE_STRIP = NO;
				DEBUG_INFORMATION_FORMAT = "dwarf-with-dsym";
				ENABLE_NS_ASSERTIONS = NO;
				ENABLE_STRICT_OBJC_MSGSEND = YES;
				GCC_C_LANGUAGE_STANDARD = gnu11;
				GCC_NO_COMMON_BLOCKS = YES;
				GCC_WARN_64_TO_32_BIT_CONVERSION = YES;
				GCC_WARN_ABOUT_RETURN_TYPE = YES_ERROR;
				GCC_WARN_UNDECLARED_SELECTOR = YES;
				GCC_WARN_UNINITIALIZED_AUTOS = YES_AGGRESSIVE;
				GCC_WARN_UNUSED_FUNCTION = YES;
				GCC_WARN_UNUSED_VARIABLE = YES;
				IPHONEOS_DEPLOYMENT_TARGET = 11.3;
				MTL_ENABLE_DEBUG_INFO = NO;
				SDKROOT = iphoneos;
				SWIFT_COMPILATION_MODE = wholemodule;
				SWIFT_OPTIMIZATION_LEVEL = "-O";
				VALIDATE_PRODUCT = YES;
			};
			name = Release;
		};
		67B9CA46208BAF210036345B /* Debug */ = {
			isa = XCBuildConfiguration;
			buildSettings = {
				ASSETCATALOG_COMPILER_APPICON_NAME = AppIcon;
				CODE_SIGN_STYLE = Automatic;
				INFOPLIST_FILE = Breaker/Info.plist;
				LD_RUNPATH_SEARCH_PATHS = (
					"$(inherited)",
					"@executable_path/Frameworks",
				);
				PRODUCT_BUNDLE_IDENTIFIER = VC.Breaker;
				PRODUCT_NAME = "$(TARGET_NAME)";
				SWIFT_VERSION = 4.0;
				TARGETED_DEVICE_FAMILY = "1,2";
			};
			name = Debug;
		};
		67B9CA47208BAF210036345B /* Release */ = {
			isa = XCBuildConfiguration;
			buildSettings = {
				ASSETCATALOG_COMPILER_APPICON_NAME = AppIcon;
				CODE_SIGN_STYLE = Automatic;
				INFOPLIST_FILE = Breaker/Info.plist;
				LD_RUNPATH_SEARCH_PATHS = (
					"$(inherited)",
					"@executable_path/Frameworks",
				);
				PRODUCT_BUNDLE_IDENTIFIER = VC.Breaker;
				PRODUCT_NAME = "$(TARGET_NAME)";
				SWIFT_VERSION = 4.0;
				TARGETED_DEVICE_FAMILY = "1,2";
			};
			name = Release;
		};
/* End XCBuildConfiguration section */

/* Begin XCConfigurationList section */
		67B9CA28208BAF1C0036345B /* Build configuration list for PBXProject "Breaker" */ = {
			isa = XCConfigurationList;
			buildConfigurations = (
				67B9CA43208BAF210036345B /* Debug */,
				67B9CA44208BAF210036345B /* Release */,
			);
			defaultConfigurationIsVisible = 0;
			defaultConfigurationName = Release;
		};
		67B9CA45208BAF210036345B /* Build configuration list for PBXNativeTarget "Breaker" */ = {
			isa = XCConfigurationList;
			buildConfigurations = (
				67B9CA46208BAF210036345B /* Debug */,
				67B9CA47208BAF210036345B /* Release */,
			);
			defaultConfigurationIsVisible = 0;
			defaultConfigurationName = Release;
		};
/* End XCConfigurationList section */
	};
	rootObject = 67B9CA25208BAF1C0036345B /* Project object */;
}
